{
  "object": {
    "pins": [
      {
        "package": "MintegralAdSDK",
        "repositoryURL": "https://github.com/Mintegral-official/MintegralAdSDK-Swift-Package.git",
        "state": {
          "branch": null,
          "revision": "b483374ae72193a547f97055132ac9d0a3a5cb7f",
          "version": "7.7.9"
        }
      }
    ]
  },
  "version": 1
}
